
Microsoft Visual Studio Solution File, Format Version 12.00
# Visual Studio Version 17
VisualStudioVersion = 17.4.33103.184
MinimumVisualStudioVersion = 10.0.40219.1
Project("{FAE04EC0-301F-11D3-BF4B-00C04F79EFBC}") = "HelloBlazor", "HelloBlazor\HelloBlazor.csproj", "{D1BDB853-49B3-412C-BDAC-42F89F020971}"
EndProject
Global
	GlobalSection(SolutionConfigurationPlatforms) = preSolution
		Debug|Any CPU = Debug|Any CPU
		Release|Any CPU = Release|Any CPU
	EndGlobalSection
	GlobalSection(ProjectConfigurationPlatforms) = postSolution
		{D1BDB853-49B3-412C-BDAC-42F89F020971}.Debug|Any CPU.ActiveCfg = Debug|Any CPU
		{D1BDB853-49B3-412C-BDAC-42F89F020971}.Debug|Any CPU.Build.0 = Debug|Any CPU
		{D1BDB853-49B3-412C-BDAC-42F89F020971}.Release|Any CPU.ActiveCfg = Release|Any CPU
		{D1BDB853-49B3-412C-BDAC-42F89F020971}.Release|Any CPU.Build.0 = Release|Any CPU
	EndGlobalSection
	GlobalSection(SolutionProperties) = preSolution
		HideSolutionNode = FALSE
	EndGlobalSection
	GlobalSection(ExtensibilityGlobals) = postSolution
		SolutionGuid = {411CD44D-ECE3-40D1-A0D0-2BFF3DC15984}
	EndGlobalSection
EndGlobal
