
Microsoft Visual Studio Solution File, Format Version 12.00
# Visual Studio Version 17
VisualStudioVersion = 17.4.33103.184
MinimumVisualStudioVersion = 10.0.40219.1
Project("{FAE04EC0-301F-11D3-BF4B-00C04F79EFBC}") = "HelloGitHub", "HelloGitHub\HelloGitHub.csproj", "{204495BD-E431-47D8-97AA-90E3B7DCDA59}"
EndProject
Global
	GlobalSection(SolutionConfigurationPlatforms) = preSolution
		Debug|Any CPU = Debug|Any CPU
		Release|Any CPU = Release|Any CPU
	EndGlobalSection
	GlobalSection(ProjectConfigurationPlatforms) = postSolution
		{204495BD-E431-47D8-97AA-90E3B7DCDA59}.Debug|Any CPU.ActiveCfg = Debug|Any CPU
		{204495BD-E431-47D8-97AA-90E3B7DCDA59}.Debug|Any CPU.Build.0 = Debug|Any CPU
		{204495BD-E431-47D8-97AA-90E3B7DCDA59}.Release|Any CPU.ActiveCfg = Release|Any CPU
		{204495BD-E431-47D8-97AA-90E3B7DCDA59}.Release|Any CPU.Build.0 = Release|Any CPU
	EndGlobalSection
	GlobalSection(SolutionProperties) = preSolution
		HideSolutionNode = FALSE
	EndGlobalSection
	GlobalSection(ExtensibilityGlobals) = postSolution
		SolutionGuid = {411CD44D-ECE3-40D1-A0D0-2BFF3DC15984}
	EndGlobalSection
EndGlobal
